{
  "name": "pw-allure-ga-test",
  "version": "1.0.0",
  "lockfileVersion": 3,
  "requires": true,
  "packages": {
    "": {
      "name": "pw-allure-ga-test",
      "version": "1.0.0",
      "license": "ISC",
      "devDependencies": {
        "@playwright/test": "^1.33.0",
        "allure-playwright": "^2.2.1",
        "monocart-reporter": "^1.6.16"
      }
    },
    "node_modules/@playwright/test": {
      "version": "1.33.0",
      "resolved": "https://registry.npmjs.org/@playwright/test/-/test-1.33.0.tgz",
      "integrity": "sha512-YunBa2mE7Hq4CfPkGzQRK916a4tuZoVx/EpLjeWlTVOnD4S2+fdaQZE0LJkbfhN5FTSKNLdcl7MoT5XB37bTkg==",
      "dev": true,
      "dependencies": {
        "@types/node": "*",
        "playwright-core": "1.33.0"
      },
      "bin": {
        "playwright": "cli.js"
      },
      "engines": {
        "node": ">=14"
      },
      "optionalDependencies": {
        "fsevents": "2.3.2"
      }
    },
    "node_modules/@types/node": {
      "version": "18.16.2",
      "resolved": "https://registry.npmjs.org/@types/node/-/node-18.16.2.tgz",
      "integrity": "sha512-GQW/JL/5Fz/0I8RpeBG9lKp0+aNcXEaVL71c0D2Q0QHDTFvlYKT7an0onCUXj85anv7b4/WesqdfchLc0jtsCg==",
      "dev": true
    },
    "node_modules/allure-js-commons": {
      "version": "2.2.1",
      "resolved": "https://registry.npmjs.org/allure-js-commons/-/allure-js-commons-2.2.1.tgz",
      "integrity": "sha512-hB1lvfdfvfKETHeChRkm83qGwaQk4V0luzlokKrjvFjlHeB6Q5Y2uUZTzfjI2PgW3TLO1g6iX6a8PPjwKX/qkA==",
      "dev": true,
      "dependencies": {
        "properties": "^1.2.1",
        "uuid": "^8.3.0"
      }
    },
    "node_modules/allure-playwright": {
      "version": "2.2.1",
      "resolved": "https://registry.npmjs.org/allure-playwright/-/allure-playwright-2.2.1.tgz",
      "integrity": "sha512-Fq7CpvvevNXXhIkOybbJGhGZnK2+zEfnD6b8wAyy6B14SNB7VOh0rqyh7D6yDNWkXevmNiwSrUrpObq/ORPPiw==",
      "dev": true,
      "dependencies": {
        "allure-js-commons": "2.2.1"
      }
    },
    "node_modules/console-grid": {
      "version": "2.0.1",
      "resolved": "https://registry.npmjs.org/console-grid/-/console-grid-2.0.1.tgz",
      "integrity": "sha512-tzsZWiJMhfnNKAVUoxb9+rtzigNxxD3FGLPaA2eloFDPqJvkz/+G8GWg9tMb7VyRDNwFXxjhZ1McxjaqlQAD7w==",
      "dev": true
    },
    "node_modules/eight-colors": {
      "version": "1.0.3",
      "resolved": "https://registry.npmjs.org/eight-colors/-/eight-colors-1.0.3.tgz",
      "integrity": "sha512-x6JCcDbcpZq78oWP5cFqhhM5kIBeGcGTKNkWzRcJnNgxfUKaj3EsWhFi0f4UQxhYhgtqPXVF++Q4hEd0ZX/taw==",
      "dev": true
    },
    "node_modules/fsevents": {
      "version": "2.3.2",
      "resolved": "https://registry.npmjs.org/fsevents/-/fsevents-2.3.2.tgz",
      "integrity": "sha512-xiqMQR4xAeHTuB9uWm+fFRcIOgKBMiOBP+eXiyT7jsgVCq1bkVygt00oASowB7EdtpOHaaPgKt812P9ab+DDKA==",
      "dev": true,
      "hasInstallScript": true,
      "optional": true,
      "os": [
        "darwin"
      ],
      "engines": {
        "node": "^8.16.0 || ^10.6.0 || >=11.0.0"
      }
    },
    "node_modules/has-flag": {
      "version": "4.0.0",
      "resolved": "https://registry.npmjs.org/has-flag/-/has-flag-4.0.0.tgz",
      "integrity": "sha512-EykJT/Q1KjTWctppgIAgfSO0tKVuZUjhgMr17kqTumMl6Afv3EISleU7qZUzoXDFTAHTDC4NOoG/ZxU3EvlMPQ==",
      "dev": true,
      "engines": {
        "node": ">=8"
      }
    },
    "node_modules/html-escaper": {
      "version": "2.0.2",
      "resolved": "https://registry.npmjs.org/html-escaper/-/html-escaper-2.0.2.tgz",
      "integrity": "sha512-H2iMtd0I4Mt5eYiapRdIDjp+XzelXQ0tFE4JS7YFwFevXXMmOp9myNrUvCg0D6ws8iqkRPBfKHgbwig1SmlLfg==",
      "dev": true
    },
    "node_modules/istanbul-lib-coverage": {
      "version": "3.2.0",
      "resolved": "https://registry.npmjs.org/istanbul-lib-coverage/-/istanbul-lib-coverage-3.2.0.tgz",
      "integrity": "sha512-eOeJ5BHCmHYvQK7xt9GkdHuzuCGS1Y6g9Gvnx3Ym33fz/HpLRYxiS0wHNr+m/MBC8B647Xt608vCDEvhl9c6Mw==",
      "dev": true,
      "engines": {
        "node": ">=8"
      }
    },
    "node_modules/istanbul-lib-report": {
      "version": "3.0.0",
      "resolved": "https://registry.npmjs.org/istanbul-lib-report/-/istanbul-lib-report-3.0.0.tgz",
      "integrity": "sha512-wcdi+uAKzfiGT2abPpKZ0hSU1rGQjUQnLvtY5MpQ7QCTahD3VODhcu4wcfY1YtkGaDD5yuydOLINXsfbus9ROw==",
      "dev": true,
      "dependencies": {
        "istanbul-lib-coverage": "^3.0.0",
        "make-dir": "^3.0.0",
        "supports-color": "^7.1.0"
      },
      "engines": {
        "node": ">=8"
      }
    },
    "node_modules/istanbul-reports": {
      "version": "3.1.5",
      "resolved": "https://registry.npmjs.org/istanbul-reports/-/istanbul-reports-3.1.5.tgz",
      "integrity": "sha512-nUsEMa9pBt/NOHqbcbeJEgqIlY/K7rVWUX6Lql2orY5e9roQOthbR3vtY4zzf2orPELg80fnxxk9zUyPlgwD1w==",
      "dev": true,
      "dependencies": {
        "html-escaper": "^2.0.0",
        "istanbul-lib-report": "^3.0.0"
      },
      "engines": {
        "node": ">=8"
      }
    },
    "node_modules/koa-static-resolver": {
      "version": "1.0.4",
      "resolved": "https://registry.npmjs.org/koa-static-resolver/-/koa-static-resolver-1.0.4.tgz",
      "integrity": "sha512-npHSIrZguX5F7dkkQyz1/slZxqTZrCBe+bwuc8huoHG9d8otx5QBBo8PbAwn0zEHj9+PcPCTZMS3nifOc4l9sA==",
      "dev": true
    },
    "node_modules/lz-utils": {
      "version": "1.0.6",
      "resolved": "https://registry.npmjs.org/lz-utils/-/lz-utils-1.0.6.tgz",
      "integrity": "sha512-9fpDpwD3ETzcLScostCb4Fmij/4QSf6F4sEDRY/Os1K+DFahUk2dbuhsMBGuzvi+b+APDyYf41+uNsxLexUSFw==",
      "dev": true
    },
    "node_modules/make-dir": {
      "version": "3.1.0",
      "resolved": "https://registry.npmjs.org/make-dir/-/make-dir-3.1.0.tgz",
      "integrity": "sha512-g3FeP20LNwhALb/6Cz6Dd4F2ngze0jz7tbzrD2wAV+o9FeNHe4rL+yK2md0J/fiSf1sa1ADhXqi5+oVwOM/eGw==",
      "dev": true,
      "dependencies": {
        "semver": "^6.0.0"
      },
      "engines": {
        "node": ">=8"
      },
      "funding": {
        "url": "https://github.com/sponsors/sindresorhus"
      }
    },
    "node_modules/monocart-reporter": {
      "version": "1.6.16",
      "resolved": "https://registry.npmjs.org/monocart-reporter/-/monocart-reporter-1.6.16.tgz",
      "integrity": "sha512-RqpExyQIzOnSVFl89T8fj3ziasySt+h9GH/VaMcltLlNFt6X79x1g8o0twhAXrdixjImidn/ahqqD2ttKFwKjA==",
      "dev": true,
      "dependencies": {
        "console-grid": "^2.0.1",
        "eight-colors": "^1.0.3",
        "istanbul-reports": "^3.1.5",
        "koa-static-resolver": "^1.0.4",
        "lz-utils": "^1.0.6"
      },
      "bin": {
        "monocart": "lib/cli.js"
      }
    },
    "node_modules/playwright-core": {
      "version": "1.33.0",
      "resolved": "https://registry.npmjs.org/playwright-core/-/playwright-core-1.33.0.tgz",
      "integrity": "sha512-aizyPE1Cj62vAECdph1iaMILpT0WUDCq3E6rW6I+dleSbBoGbktvJtzS6VHkZ4DKNEOG9qJpiom/ZxO+S15LAw==",
      "dev": true,
      "bin": {
        "playwright": "cli.js"
      },
      "engines": {
        "node": ">=14"
      }
    },
    "node_modules/properties": {
      "version": "1.2.1",
      "resolved": "https://registry.npmjs.org/properties/-/properties-1.2.1.tgz",
      "integrity": "sha512-qYNxyMj1JeW54i/EWEFsM1cVwxJbtgPp8+0Wg9XjNaK6VE/c4oRi6PNu5p7w1mNXEIQIjV5Wwn8v8Gz82/QzdQ==",
      "dev": true,
      "engines": {
        "node": ">=0.10"
      }
    },
    "node_modules/semver": {
      "version": "6.3.0",
      "resolved": "https://registry.npmjs.org/semver/-/semver-6.3.0.tgz",
      "integrity": "sha512-b39TBaTSfV6yBrapU89p5fKekE2m/NwnDocOVruQFS1/veMgdzuPcnOM34M6CwxW8jH/lxEa5rBoDeUwu5HHTw==",
      "dev": true,
      "bin": {
        "semver": "bin/semver.js"
      }
    },
    "node_modules/supports-color": {
      "version": "7.2.0",
      "resolved": "https://registry.npmjs.org/supports-color/-/supports-color-7.2.0.tgz",
      "integrity": "sha512-qpCAvRl9stuOHveKsn7HncJRvv501qIacKzQlO/+Lwxc9+0q2wLyv4Dfvt80/DPn2pqOBsJdDiogXGR9+OvwRw==",
      "dev": true,
      "dependencies": {
        "has-flag": "^4.0.0"
      },
      "engines": {
        "node": ">=8"
      }
    },
    "node_modules/uuid": {
      "version": "8.3.2",
      "resolved": "https://registry.npmjs.org/uuid/-/uuid-8.3.2.tgz",
      "integrity": "sha512-+NYs2QeMWy+GWFOEm9xnn6HCDp0l7QBD7ml8zLUmJ+93Q5NF0NocErnwkTkXVFNiX3/fpC6afS8Dhb/gz7R7eg==",
      "dev": true,
      "bin": {
        "uuid": "dist/bin/uuid"
      }
    }
  }
}
